// !$*UTF8*$!
{
	archiveVersion = 1;
	classes = {
	};
	objectVersion = 46;
	objects = {

/* Begin PBXBuildFile section */
		185BF7D619469287006FD111 /* Foundation.framework in Frameworks */ = {isa = PBXBuildFile; fileRef = 185BF7D519469287006FD111 /* Foundation.framework */; };
		185BF7D819469287006FD111 /* CoreGraphics.framework in Frameworks */ = {isa = PBXBuildFile; fileRef = 185BF7D719469287006FD111 /* CoreGraphics.framework */; };
		185BF7DA19469287006FD111 /* UIKit.framework in Frameworks */ = {isa = PBXBuildFile; fileRef = 185BF7D919469287006FD111 /* UIKit.framework */; };
		185BF7E019469287006FD111 /* InfoPlist.strings in Resources */ = {isa = PBXBuildFile; fileRef = 185BF7DE19469287006FD111 /* InfoPlist.strings */; };
		185BF7E219469287006FD111 /* main.m in Sources */ = {isa = PBXBuildFile; fileRef = 185BF7E119469287006FD111 /* main.m */; };
		185BF7E619469287006FD111 /* JCAppDelegate.m in Sources */ = {isa = PBXBuildFile; fileRef = 185BF7E519469287006FD111 /* JCAppDelegate.m */; };
		185BF7E919469287006FD111 /* Main.storyboard in Resources */ = {isa = PBXBuildFile; fileRef = 185BF7E719469287006FD111 /* Main.storyboard */; };
		185BF7EC19469287006FD111 /* JCViewController.m in Sources */ = {isa = PBXBuildFile; fileRef = 185BF7EB19469287006FD111 /* JCViewController.m */; };
		185BF7EE19469287006FD111 /* Images.xcassets in Resources */ = {isa = PBXBuildFile; fileRef = 185BF7ED19469287006FD111 /* Images.xcassets */; };
		185BF7F519469287006FD111 /* XCTest.framework in Frameworks */ = {isa = PBXBuildFile; fileRef = 185BF7F419469287006FD111 /* XCTest.framework */; };
		185BF7F619469287006FD111 /* Foundation.framework in Frameworks */ = {isa = PBXBuildFile; fileRef = 185BF7D519469287006FD111 /* Foundation.framework */; };
		185BF7F719469287006FD111 /* UIKit.framework in Frameworks */ = {isa = PBXBuildFile; fileRef = 185BF7D919469287006FD111 /* UIKit.framework */; };
		185BF7FF19469287006FD111 /* InfoPlist.strings in Resources */ = {isa = PBXBuildFile; fileRef = 185BF7FD19469287006FD111 /* InfoPlist.strings */; };
		185BF80119469287006FD111 /* BlockExampleTests.m in Sources */ = {isa = PBXBuildFile; fileRef = 185BF80019469287006FD111 /* BlockExampleTests.m */; };
		185BF80C1946A8BD006FD111 /* UIImage+fromURL.m in Sources */ = {isa = PBXBuildFile; fileRef = 185BF80B1946A8BD006FD111 /* UIImage+fromURL.m */; };
		185BF80F1946AF83006FD111 /* UIImage+crop.m in Sources */ = {isa = PBXBuildFile; fileRef = 185BF80E1946AF83006FD111 /* UIImage+crop.m */; };
/* End PBXBuildFile section */

/* Begin PBXContainerItemProxy section */
		185BF7F819469287006FD111 /* PBXContainerItemProxy */ = {
			isa = PBXContainerItemProxy;
			containerPortal = 185BF7CA19469287006FD111 /* Project object */;
			proxyType = 1;
			remoteGlobalIDString = 185BF7D119469287006FD111;
			remoteInfo = BlockExample;
		};
/* End PBXContainerItemProxy section */

/* Begin PBXFileReference section */
		185BF7D219469287006FD111 /* BlockExample.app */ = {isa = PBXFileReference; explicitFileType = wrapper.application; includeInIndex = 0; path = BlockExample.app; sourceTree = BUILT_PRODUCTS_DIR; };
		185BF7D519469287006FD111 /* Foundation.framework */ = {isa = PBXFileReference; lastKnownFileType = wrapper.framework; name = Foundation.framework; path = System/Library/Frameworks/Foundation.framework; sourceTree = SDKROOT; };
		185BF7D719469287006FD111 /* CoreGraphics.framework */ = {isa = PBXFileReference; lastKnownFileType = wrapper.framework; name = CoreGraphics.framework; path = System/Library/Frameworks/CoreGraphics.framework; sourceTree = SDKROOT; };
		185BF7D919469287006FD111 /* UIKit.framework */ = {isa = PBXFileReference; lastKnownFileType = wrapper.framework; name = UIKit.framework; path = System/Library/Frameworks/UIKit.framework; sourceTree = SDKROOT; };
		185BF7DD19469287006FD111 /* BlockExample-Info.plist */ = {isa = PBXFileReference; lastKnownFileType = text.plist.xml; path = "BlockExample-Info.plist"; sourceTree = "<group>"; };
		185BF7DF19469287006FD111 /* en */ = {isa = PBXFileReference; lastKnownFileType = text.plist.strings; name = en; path = en.lproj/InfoPlist.strings; sourceTree = "<group>"; };
		185BF7E119469287006FD111 /* main.m */ = {isa = PBXFileReference; lastKnownFileType = sourcecode.c.objc; path = main.m; sourceTree = "<group>"; };
		185BF7E319469287006FD111 /* BlockExample-Prefix.pch */ = {isa = PBXFileReference; lastKnownFileType = sourcecode.c.h; path = "BlockExample-Prefix.pch"; sourceTree = "<group>"; };
		185BF7E419469287006FD111 /* JCAppDelegate.h */ = {isa = PBXFileReference; lastKnownFileType = sourcecode.c.h; path = JCAppDelegate.h; sourceTree = "<group>"; };
		185BF7E519469287006FD111 /* JCAppDelegate.m */ = {isa = PBXFileReference; lastKnownFileType = sourcecode.c.objc; path = JCAppDelegate.m; sourceTree = "<group>"; };
		185BF7E819469287006FD111 /* Base */ = {isa = PBXFileReference; lastKnownFileType = file.storyboard; name = Base; path = Base.lproj/Main.storyboard; sourceTree = "<group>"; };
		185BF7EA19469287006FD111 /* JCViewController.h */ = {isa = PBXFileReference; lastKnownFileType = sourcecode.c.h; path = JCViewController.h; sourceTree = "<group>"; };
		185BF7EB19469287006FD111 /* JCViewController.m */ = {isa = PBXFileReference; lastKnownFileType = sourcecode.c.objc; path = JCViewController.m; sourceTree = "<group>"; };
		185BF7ED19469287006FD111 /* Images.xcassets */ = {isa = PBXFileReference; lastKnownFileType = folder.assetcatalog; path = Images.xcassets; sourceTree = "<group>"; };
		185BF7F319469287006FD111 /* BlockExampleTests.xctest */ = {isa = PBXFileReference; explicitFileType = wrapper.cfbundle; includeInIndex = 0; path = BlockExampleTests.xctest; sourceTree = BUILT_PRODUCTS_DIR; };
		185BF7F419469287006FD111 /* XCTest.framework */ = {isa = PBXFileReference; lastKnownFileType = wrapper.framework; name = XCTest.framework; path = Library/Frameworks/XCTest.framework; sourceTree = DEVELOPER_DIR; };
		185BF7FC19469287006FD111 /* BlockExampleTests-Info.plist */ = {isa = PBXFileReference; lastKnownFileType = text.plist.xml; path = "BlockExampleTests-Info.plist"; sourceTree = "<group>"; };
		185BF7FE19469287006FD111 /* en */ = {isa = PBXFileReference; lastKnownFileType = text.plist.strings; name = en; path = en.lproj/InfoPlist.strings; sourceTree = "<group>"; };
		185BF80019469287006FD111 /* BlockExampleTests.m */ = {isa = PBXFileReference; lastKnownFileType = sourcecode.c.objc; path = BlockExampleTests.m; sourceTree = "<group>"; };
		185BF80A1946A8BD006FD111 /* UIImage+fromURL.h */ = {isa = PBXFileReference; fileEncoding = 4; lastKnownFileType = sourcecode.c.h; path = "UIImage+fromURL.h"; sourceTree = "<group>"; };
		185BF80B1946A8BD006FD111 /* UIImage+fromURL.m */ = {isa = PBXFileReference; fileEncoding = 4; lastKnownFileType = sourcecode.c.objc; path = "UIImage+fromURL.m"; sourceTree = "<group>"; };
		185BF80D1946AF83006FD111 /* UIImage+crop.h */ = {isa = PBXFileReference; fileEncoding = 4; lastKnownFileType = sourcecode.c.h; path = "UIImage+crop.h"; sourceTree = "<group>"; };
		185BF80E1946AF83006FD111 /* UIImage+crop.m */ = {isa = PBXFileReference; fileEncoding = 4; lastKnownFileType = sourcecode.c.objc; path = "UIImage+crop.m"; sourceTree = "<group>"; };
/* End PBXFileReference section */

/* Begin PBXFrameworksBuildPhase section */
		185BF7CF19469287006FD111 /* Frameworks */ = {
			isa = PBXFrameworksBuildPhase;
			buildActionMask = 2147483647;
			files = (
				185BF7D819469287006FD111 /* CoreGraphics.framework in Frameworks */,
				185BF7DA19469287006FD111 /* UIKit.framework in Frameworks */,
				185BF7D619469287006FD111 /* Foundation.framework in Frameworks */,
			);
			runOnlyForDeploymentPostprocessing = 0;
		};
		185BF7F019469287006FD111 /* Frameworks */ = {
			isa = PBXFrameworksBuildPhase;
			buildActionMask = 2147483647;
			files = (
				185BF7F519469287006FD111 /* XCTest.framework in Frameworks */,
				185BF7F719469287006FD111 /* UIKit.framework in Frameworks */,
				185BF7F619469287006FD111 /* Foundation.framework in Frameworks */,
			);
			runOnlyForDeploymentPostprocessing = 0;
		};
/* End PBXFrameworksBuildPhase section */

/* Begin PBXGroup section */
		185BF7C919469287006FD111 = {
			isa = PBXGroup;
			children = (
				185BF7DB19469287006FD111 /* BlockExample */,
				185BF7FA19469287006FD111 /* BlockExampleTests */,
				185BF7D419469287006FD111 /* Frameworks */,
				185BF7D319469287006FD111 /* Products */,
			);
			sourceTree = "<group>";
		};
		185BF7D319469287006FD111 /* Products */ = {
			isa = PBXGroup;
			children = (
				185BF7D219469287006FD111 /* BlockExample.app */,
				185BF7F319469287006FD111 /* BlockExampleTests.xctest */,
			);
			name = Products;
			sourceTree = "<group>";
		};
		185BF7D419469287006FD111 /* Frameworks */ = {
			isa = PBXGroup;
			children = (
				185BF7D519469287006FD111 /* Foundation.framework */,
				185BF7D719469287006FD111 /* CoreGraphics.framework */,
				185BF7D919469287006FD111 /* UIKit.framework */,
				185BF7F419469287006FD111 /* XCTest.framework */,
			);
			name = Frameworks;
			sourceTree = "<group>";
		};
		185BF7DB19469287006FD111 /* BlockExample */ = {
			isa = PBXGroup;
			children = (
				185BF7E419469287006FD111 /* JCAppDelegate.h */,
				185BF7E519469287006FD111 /* JCAppDelegate.m */,
				185BF7E719469287006FD111 /* Main.storyboard */,
				185BF7EA19469287006FD111 /* JCViewController.h */,
				185BF7EB19469287006FD111 /* JCViewController.m */,
				185BF7ED19469287006FD111 /* Images.xcassets */,
				185BF7DC19469287006FD111 /* Supporting Files */,
				185BF80A1946A8BD006FD111 /* UIImage+fromURL.h */,
				185BF80B1946A8BD006FD111 /* UIImage+fromURL.m */,
				185BF80D1946AF83006FD111 /* UIImage+crop.h */,
				185BF80E1946AF83006FD111 /* UIImage+crop.m */,
			);
			path = BlockExample;
			sourceTree = "<group>";
		};
		185BF7DC19469287006FD111 /* Supporting Files */ = {
			isa = PBXGroup;
			children = (
				185BF7DD19469287006FD111 /* BlockExample-Info.plist */,
				185BF7DE19469287006FD111 /* InfoPlist.strings */,
				185BF7E119469287006FD111 /* main.m */,
				185BF7E319469287006FD111 /* BlockExample-Prefix.pch */,
			);
			name = "Supporting Files";
			sourceTree = "<group>";
		};
		185BF7FA19469287006FD111 /* BlockExampleTests */ = {
			isa = PBXGroup;
			children = (
				185BF80019469287006FD111 /* BlockExampleTests.m */,
				185BF7FB19469287006FD111 /* Supporting Files */,
			);
			path = BlockExampleTests;
			sourceTree = "<group>";
		};
		185BF7FB19469287006FD111 /* Supporting Files */ = {
			isa = PBXGroup;
			children = (
				185BF7FC19469287006FD111 /* BlockExampleTests-Info.plist */,
				185BF7FD19469287006FD111 /* InfoPlist.strings */,
			);
			name = "Supporting Files";
			sourceTree = "<group>";
		};
/* End PBXGroup section */

/* Begin PBXNativeTarget section */
		185BF7D119469287006FD111 /* BlockExample */ = {
			isa = PBXNativeTarget;
			buildConfigurationList = 185BF80419469287006FD111 /* Build configuration list for PBXNativeTarget "BlockExample" */;
			buildPhases = (
				185BF7CE19469287006FD111 /* Sources */,
				185BF7CF19469287006FD111 /* Frameworks */,
				185BF7D019469287006FD111 /* Resources */,
			);
			buildRules = (
			);
			dependencies = (
			);
			name = BlockExample;
			productName = BlockExample;
			productReference = 185BF7D219469287006FD111 /* BlockExample.app */;
			productType = "com.apple.product-type.application";
		};
		185BF7F219469287006FD111 /* BlockExampleTests */ = {
			isa = PBXNativeTarget;
			buildConfigurationList = 185BF80719469287006FD111 /* Build configuration list for PBXNativeTarget "BlockExampleTests" */;
			buildPhases = (
				185BF7EF19469287006FD111 /* Sources */,
				185BF7F019469287006FD111 /* Frameworks */,
				185BF7F119469287006FD111 /* Resources */,
			);
			buildRules = (
			);
			dependencies = (
				185BF7F919469287006FD111 /* PBXTargetDependency */,
			);
			name = BlockExampleTests;
			productName = BlockExampleTests;
			productReference = 185BF7F319469287006FD111 /* BlockExampleTests.xctest */;
			productType = "com.apple.product-type.bundle.unit-test";
		};
/* End PBXNativeTarget section */

/* Begin PBXProject section */
		185BF7CA19469287006FD111 /* Project object */ = {
			isa = PBXProject;
			attributes = {
				CLASSPREFIX = JC;
				LastUpgradeCheck = 0510;
				ORGANIZATIONNAME = "Juan Felipe Carrera Moya";
				TargetAttributes = {
					185BF7F219469287006FD111 = {
						TestTargetID = 185BF7D119469287006FD111;
					};
				};
			};
			buildConfigurationList = 185BF7CD19469287006FD111 /* Build configuration list for PBXProject "BlockExample" */;
			compatibilityVersion = "Xcode 3.2";
			developmentRegion = English;
			hasScannedForEncodings = 0;
			knownRegions = (
				en,
				Base,
			);
			mainGroup = 185BF7C919469287006FD111;
			productRefGroup = 185BF7D319469287006FD111 /* Products */;
			projectDirPath = "";
			projectRoot = "";
			targets = (
				185BF7D119469287006FD111 /* BlockExample */,
				185BF7F219469287006FD111 /* BlockExampleTests */,
			);
		};
/* End PBXProject section */

/* Begin PBXResourcesBuildPhase section */
		185BF7D019469287006FD111 /* Resources */ = {
			isa = PBXResourcesBuildPhase;
			buildActionMask = 2147483647;
			files = (
				185BF7EE19469287006FD111 /* Images.xcassets in Resources */,
				185BF7E019469287006FD111 /* InfoPlist.strings in Resources */,
				185BF7E919469287006FD111 /* Main.storyboard in Resources */,
			);
			runOnlyForDeploymentPostprocessing = 0;
		};
		185BF7F119469287006FD111 /* Resources */ = {
			isa = PBXResourcesBuildPhase;
			buildActionMask = 2147483647;
			files = (
				185BF7FF19469287006FD111 /* InfoPlist.strings in Resources */,
			);
			runOnlyForDeploymentPostprocessing = 0;
		};
/* End PBXResourcesBuildPhase section */

/* Begin PBXSourcesBuildPhase section */
		185BF7CE19469287006FD111 /* Sources */ = {
			isa = PBXSourcesBuildPhase;
			buildActionMask = 2147483647;
			files = (
				185BF7E219469287006FD111 /* main.m in Sources */,
				185BF7EC19469287006FD111 /* JCViewController.m in Sources */,
				185BF80F1946AF83006FD111 /* UIImage+crop.m in Sources */,
				185BF7E619469287006FD111 /* JCAppDelegate.m in Sources */,
				185BF80C1946A8BD006FD111 /* UIImage+fromURL.m in Sources */,
			);
			runOnlyForDeploymentPostprocessing = 0;
		};
		185BF7EF19469287006FD111 /* Sources */ = {
			isa = PBXSourcesBuildPhase;
			buildActionMask = 2147483647;
			files = (
				185BF80119469287006FD111 /* BlockExampleTests.m in Sources */,
			);
			runOnlyForDeploymentPostprocessing = 0;
		};
/* End PBXSourcesBuildPhase section */

/* Begin PBXTargetDependency section */
		185BF7F919469287006FD111 /* PBXTargetDependency */ = {
			isa = PBXTargetDependency;
			target = 185BF7D119469287006FD111 /* BlockExample */;
			targetProxy = 185BF7F819469287006FD111 /* PBXContainerItemProxy */;
		};
/* End PBXTargetDependency section */

/* Begin PBXVariantGroup section */
		185BF7DE19469287006FD111 /* InfoPlist.strings */ = {
			isa = PBXVariantGroup;
			children = (
				185BF7DF19469287006FD111 /* en */,
			);
			name = InfoPlist.strings;
			sourceTree = "<group>";
		};
		185BF7E719469287006FD111 /* Main.storyboard */ = {
			isa = PBXVariantGroup;
			children = (
				185BF7E819469287006FD111 /* Base */,
			);
			name = Main.storyboard;
			sourceTree = "<group>";
		};
		185BF7FD19469287006FD111 /* InfoPlist.strings */ = {
			isa = PBXVariantGroup;
			children = (
				185BF7FE19469287006FD111 /* en */,
			);
			name = InfoPlist.strings;
			sourceTree = "<group>";
		};
/* End PBXVariantGroup section */

/* Begin XCBuildConfiguration section */
		185BF80219469287006FD111 /* Debug */ = {
			isa = XCBuildConfiguration;
			buildSettings = {
				ALWAYS_SEARCH_USER_PATHS = NO;
				CLANG_CXX_LANGUAGE_STANDARD = "gnu++0x";
				CLANG_CXX_LIBRARY = "libc++";
				CLANG_ENABLE_MODULES = YES;
				CLANG_ENABLE_OBJC_ARC = YES;
				CLANG_WARN_BOOL_CONVERSION = YES;
				CLANG_WARN_CONSTANT_CONVERSION = YES;
				CLANG_WARN_DIRECT_OBJC_ISA_USAGE = YES_ERROR;
				CLANG_WARN_EMPTY_BODY = YES;
				CLANG_WARN_ENUM_CONVERSION = YES;
				CLANG_WARN_INT_CONVERSION = YES;
				CLANG_WARN_OBJC_ROOT_CLASS = YES_ERROR;
				CLANG_WARN__DUPLICATE_METHOD_MATCH = YES;
				"CODE_SIGN_IDENTITY[sdk=iphoneos*]" = "iPhone Developer";
				COPY_PHASE_STRIP = NO;
				GCC_C_LANGUAGE_STANDARD = gnu99;
				GCC_DYNAMIC_NO_PIC = NO;
				GCC_OPTIMIZATION_LEVEL = 0;
				GCC_PREPROCESSOR_DEFINITIONS = (
					"DEBUG=1",
					"$(inherited)",
				);
				GCC_SYMBOLS_PRIVATE_EXTERN = NO;
				GCC_WARN_64_TO_32_BIT_CONVERSION = YES;
				GCC_WARN_ABOUT_RETURN_TYPE = YES_ERROR;
				GCC_WARN_UNDECLARED_SELECTOR = YES;
				GCC_WARN_UNINITIALIZED_AUTOS = YES_AGGRESSIVE;
				GCC_WARN_UNUSED_FUNCTION = YES;
				GCC_WARN_UNUSED_VARIABLE = YES;
				IPHONEOS_DEPLOYMENT_TARGET = 7.1;
				ONLY_ACTIVE_ARCH = YES;
				SDKROOT = iphoneos;
			};
			name = Debug;
		};
		185BF80319469287006FD111 /* Release */ = {
			isa = XCBuildConfiguration;
			buildSettings = {
				ALWAYS_SEARCH_USER_PATHS = NO;
				CLANG_CXX_LANGUAGE_STANDARD = "gnu++0x";
				CLANG_CXX_LIBRARY = "libc++";
				CLANG_ENABLE_MODULES = YES;
				CLANG_ENABLE_OBJC_ARC = YES;
				CLANG_WARN_BOOL_CONVERSION = YES;
				CLANG_WARN_CONSTANT_CONVERSION = YES;
				CLANG_WARN_DIRECT_OBJC_ISA_USAGE = YES_ERROR;
				CLANG_WARN_EMPTY_BODY = YES;
				CLANG_WARN_ENUM_CONVERSION = YES;
				CLANG_WARN_INT_CONVERSION = YES;
				CLANG_WARN_OBJC_ROOT_CLASS = YES_ERROR;
				CLANG_WARN__DUPLICATE_METHOD_MATCH = YES;
				"CODE_SIGN_IDENTITY[sdk=iphoneos*]" = "iPhone Developer";
				COPY_PHASE_STRIP = YES;
				ENABLE_NS_ASSERTIONS = NO;
				GCC_C_LANGUAGE_STANDARD = gnu99;
				GCC_WARN_64_TO_32_BIT_CONVERSION = YES;
				GCC_WARN_ABOUT_RETURN_TYPE = YES_ERROR;
				GCC_WARN_UNDECLARED_SELECTOR = YES;
				GCC_WARN_UNINITIALIZED_AUTOS = YES_AGGRESSIVE;
				GCC_WARN_UNUSED_FUNCTION = YES;
				GCC_WARN_UNUSED_VARIABLE = YES;
				IPHONEOS_DEPLOYMENT_TARGET = 7.1;
				SDKROOT = iphoneos;
				VALIDATE_PRODUCT = YES;
			};
			name = Release;
		};
		185BF80519469287006FD111 /* Debug */ = {
			isa = XCBuildConfiguration;
			buildSettings = {
				ASSETCATALOG_COMPILER_APPICON_NAME = AppIcon;
				ASSETCATALOG_COMPILER_LAUNCHIMAGE_NAME = LaunchImage;
				GCC_PRECOMPILE_PREFIX_HEADER = YES;
				GCC_PREFIX_HEADER = "BlockExample/BlockExample-Prefix.pch";
				INFOPLIST_FILE = "BlockExample/BlockExample-Info.plist";
				PRODUCT_NAME = "$(TARGET_NAME)";
				WRAPPER_EXTENSION = app;
			};
			name = Debug;
		};
		185BF80619469287006FD111 /* Release */ = {
			isa = XCBuildConfiguration;
			buildSettings = {
				ASSETCATALOG_COMPILER_APPICON_NAME = AppIcon;
				ASSETCATALOG_COMPILER_LAUNCHIMAGE_NAME = LaunchImage;
				GCC_PRECOMPILE_PREFIX_HEADER = YES;
				GCC_PREFIX_HEADER = "BlockExample/BlockExample-Prefix.pch";
				INFOPLIST_FILE = "BlockExample/BlockExample-Info.plist";
				PRODUCT_NAME = "$(TARGET_NAME)";
				WRAPPER_EXTENSION = app;
			};
			name = Release;
		};
		185BF80819469287006FD111 /* Debug */ = {
			isa = XCBuildConfiguration;
			buildSettings = {
				BUNDLE_LOADER = "$(BUILT_PRODUCTS_DIR)/BlockExample.app/BlockExample";
				FRAMEWORK_SEARCH_PATHS = (
					"$(SDKROOT)/Developer/Library/Frameworks",
					"$(inherited)",
					"$(DEVELOPER_FRAMEWORKS_DIR)",
				);
				GCC_PRECOMPILE_PREFIX_HEADER = YES;
				GCC_PREFIX_HEADER = "BlockExample/BlockExample-Prefix.pch";
				GCC_PREPROCESSOR_DEFINITIONS = (
					"DEBUG=1",
					"$(inherited)",
				);
				INFOPLIST_FILE = "BlockExampleTests/BlockExampleTests-Info.plist";
				PRODUCT_NAME = "$(TARGET_NAME)";
				TEST_HOST = "$(BUNDLE_LOADER)";
				WRAPPER_EXTENSION = xctest;
			};
			name = Debug;
		};
		185BF80919469287006FD111 /* Release */ = {
			isa = XCBuildConfiguration;
			buildSettings = {
				BUNDLE_LOADER = "$(BUILT_PRODUCTS_DIR)/BlockExample.app/BlockExample";
				FRAMEWORK_SEARCH_PATHS = (
					"$(SDKROOT)/Developer/Library/Frameworks",
					"$(inherited)",
					"$(DEVELOPER_FRAMEWORKS_DIR)",
				);
				GCC_PRECOMPILE_PREFIX_HEADER = YES;
				GCC_PREFIX_HEADER = "BlockExample/BlockExample-Prefix.pch";
				INFOPLIST_FILE = "BlockExampleTests/BlockExampleTests-Info.plist";
				PRODUCT_NAME = "$(TARGET_NAME)";
				TEST_HOST = "$(BUNDLE_LOADER)";
				WRAPPER_EXTENSION = xctest;
			};
			name = Release;
		};
/* End XCBuildConfiguration section */

/* Begin XCConfigurationList section */
		185BF7CD19469287006FD111 /* Build configuration list for PBXProject "BlockExample" */ = {
			isa = XCConfigurationList;
			buildConfigurations = (
				185BF80219469287006FD111 /* Debug */,
				185BF80319469287006FD111 /* Release */,
			);
			defaultConfigurationIsVisible = 0;
			defaultConfigurationName = Release;
		};
		185BF80419469287006FD111 /* Build configuration list for PBXNativeTarget "BlockExample" */ = {
			isa = XCConfigurationList;
			buildConfigurations = (
				185BF80519469287006FD111 /* Debug */,
				185BF80619469287006FD111 /* Release */,
			);
			defaultConfigurationIsVisible = 0;
			defaultConfigurationName = Release;
		};
		185BF80719469287006FD111 /* Build configuration list for PBXNativeTarget "BlockExampleTests" */ = {
			isa = XCConfigurationList;
			buildConfigurations = (
				185BF80819469287006FD111 /* Debug */,
				185BF80919469287006FD111 /* Release */,
			);
			defaultConfigurationIsVisible = 0;
			defaultConfigurationName = Release;
		};
/* End XCConfigurationList section */
	};
	rootObject = 185BF7CA19469287006FD111 /* Project object */;
}
